
Microsoft Visual Studio Solution File, Format Version 12.00
# Visual Studio Version 17
VisualStudioVersion = 17.11.35312.102
MinimumVisualStudioVersion = 10.0.40219.1
Project("{FAE04EC0-301F-11D3-BF4B-00C04F79EFBC}") = "WindowsFormsApp4", "WindowsFormsApp4\WindowsFormsApp4.csproj", "{E6C2086D-49CE-4DE5-A4A0-C43ECA483ACE}"
EndProject
Global
	GlobalSection(SolutionConfigurationPlatforms) = preSolution
		Debug|Any CPU = Debug|Any CPU
		Release|Any CPU = Release|Any CPU
	EndGlobalSection
	GlobalSection(ProjectConfigurationPlatforms) = postSolution
		{E6C2086D-49CE-4DE5-A4A0-C43ECA483ACE}.Debug|Any CPU.ActiveCfg = Debug|Any CPU
		{E6C2086D-49CE-4DE5-A4A0-C43ECA483ACE}.Debug|Any CPU.Build.0 = Debug|Any CPU
		{E6C2086D-49CE-4DE5-A4A0-C43ECA483ACE}.Release|Any CPU.ActiveCfg = Release|Any CPU
		{E6C2086D-49CE-4DE5-A4A0-C43ECA483ACE}.Release|Any CPU.Build.0 = Release|Any CPU
	EndGlobalSection
	GlobalSection(SolutionProperties) = preSolution
		HideSolutionNode = FALSE
	EndGlobalSection
	GlobalSection(ExtensibilityGlobals) = postSolution
		SolutionGuid = {619FACB8-F7AC-4566-A0B0-1F9B42563BAC}
	EndGlobalSection
EndGlobal
