
Microsoft Visual Studio Solution File, Format Version 12.00
# Visual Studio Version 17
VisualStudioVersion = 17.11.35312.102
MinimumVisualStudioVersion = 10.0.40219.1
Project("{FAE04EC0-301F-11D3-BF4B-00C04F79EFBC}") = "WindowsFormsApp1", "WindowsFormsApp1\WindowsFormsApp1.csproj", "{20398E9A-74D3-45CE-95F8-14970E0B08CF}"
EndProject
Global
	GlobalSection(SolutionConfigurationPlatforms) = preSolution
		Debug|Any CPU = Debug|Any CPU
		Release|Any CPU = Release|Any CPU
	EndGlobalSection
	GlobalSection(ProjectConfigurationPlatforms) = postSolution
		{20398E9A-74D3-45CE-95F8-14970E0B08CF}.Debug|Any CPU.ActiveCfg = Debug|Any CPU
		{20398E9A-74D3-45CE-95F8-14970E0B08CF}.Debug|Any CPU.Build.0 = Debug|Any CPU
		{20398E9A-74D3-45CE-95F8-14970E0B08CF}.Release|Any CPU.ActiveCfg = Release|Any CPU
		{20398E9A-74D3-45CE-95F8-14970E0B08CF}.Release|Any CPU.Build.0 = Release|Any CPU
	EndGlobalSection
	GlobalSection(SolutionProperties) = preSolution
		HideSolutionNode = FALSE
	EndGlobalSection
	GlobalSection(ExtensibilityGlobals) = postSolution
		SolutionGuid = {268420D6-7F56-4A58-8FB8-FC83BFF1F53D}
	EndGlobalSection
EndGlobal
