
Microsoft Visual Studio Solution File, Format Version 12.00
# Visual Studio Version 17
VisualStudioVersion = 17.11.35312.102
MinimumVisualStudioVersion = 10.0.40219.1
Project("{FAE04EC0-301F-11D3-BF4B-00C04F79EFBC}") = "WindowsFormsApp3", "WindowsFormsApp3\WindowsFormsApp3.csproj", "{B1CC5179-F50B-468E-9CBC-2AE7912C54FE}"
EndProject
Global
	GlobalSection(SolutionConfigurationPlatforms) = preSolution
		Debug|Any CPU = Debug|Any CPU
		Release|Any CPU = Release|Any CPU
	EndGlobalSection
	GlobalSection(ProjectConfigurationPlatforms) = postSolution
		{B1CC5179-F50B-468E-9CBC-2AE7912C54FE}.Debug|Any CPU.ActiveCfg = Debug|Any CPU
		{B1CC5179-F50B-468E-9CBC-2AE7912C54FE}.Debug|Any CPU.Build.0 = Debug|Any CPU
		{B1CC5179-F50B-468E-9CBC-2AE7912C54FE}.Release|Any CPU.ActiveCfg = Release|Any CPU
		{B1CC5179-F50B-468E-9CBC-2AE7912C54FE}.Release|Any CPU.Build.0 = Release|Any CPU
	EndGlobalSection
	GlobalSection(SolutionProperties) = preSolution
		HideSolutionNode = FALSE
	EndGlobalSection
	GlobalSection(ExtensibilityGlobals) = postSolution
		SolutionGuid = {96C73CD6-DFEE-47A3-B86A-41E5C3A9ADF0}
	EndGlobalSection
EndGlobal
